{
  "name": "memorux",
  "version": "1.2.2",
  "lockfileVersion": 1,
  "requires": true,
  "dependencies": {
    "vqua-utils": {
      "version": "1.0.6",
      "resolved": "https://registry.npmjs.org/vqua-utils/-/vqua-utils-1.0.6.tgz",
      "integrity": "sha512-p0cOaZ6ejQfJQKTKNuKWFM+SbLUo+1w4o1dfEisPnLNw7/mFAWfTe5acJdvmQbrVCwB6/nhNlWVNNPsA1kCXyA=="
    }
  }
}
